
Microsoft Visual Studio Solution File, Format Version 12.00
# Visual Studio Version 17
VisualStudioVersion = 17.5.33627.172
MinimumVisualStudioVersion = 10.0.40219.1
Project("{FAE04EC0-301F-11D3-BF4B-00C04F79EFBC}") = "acr", "acr\acr.csproj", "{404D258F-0608-42C5-A5CE-388DF0D26CC4}"
EndProject
Global
	GlobalSection(SolutionConfigurationPlatforms) = preSolution
		Debug|Any CPU = Debug|Any CPU
		Release|Any CPU = Release|Any CPU
	EndGlobalSection
	GlobalSection(ProjectConfigurationPlatforms) = postSolution
		{404D258F-0608-42C5-A5CE-388DF0D26CC4}.Debug|Any CPU.ActiveCfg = Debug|Any CPU
		{404D258F-0608-42C5-A5CE-388DF0D26CC4}.Debug|Any CPU.Build.0 = Debug|Any CPU
		{404D258F-0608-42C5-A5CE-388DF0D26CC4}.Release|Any CPU.ActiveCfg = Release|Any CPU
		{404D258F-0608-42C5-A5CE-388DF0D26CC4}.Release|Any CPU.Build.0 = Release|Any CPU
	EndGlobalSection
	GlobalSection(SolutionProperties) = preSolution
		HideSolutionNode = FALSE
	EndGlobalSection
	GlobalSection(ExtensibilityGlobals) = postSolution
		SolutionGuid = {25E3C66D-5443-41A4-88A6-1B94A75B981D}
	EndGlobalSection
EndGlobal
