
Microsoft Visual Studio Solution File, Format Version 12.00
# Visual Studio Version 16
VisualStudioVersion = 16.0.30717.126
MinimumVisualStudioVersion = 10.0.40219.1
Project("{FAE04EC0-301F-11D3-BF4B-00C04F79EFBC}") = "Password", "Password\Password.csproj", "{28E1FF03-954F-4178-9CEE-8744228148E3}"
EndProject
Global
	GlobalSection(SolutionConfigurationPlatforms) = preSolution
		Debug|Any CPU = Debug|Any CPU
		Release|Any CPU = Release|Any CPU
	EndGlobalSection
	GlobalSection(ProjectConfigurationPlatforms) = postSolution
		{28E1FF03-954F-4178-9CEE-8744228148E3}.Debug|Any CPU.ActiveCfg = Debug|Any CPU
		{28E1FF03-954F-4178-9CEE-8744228148E3}.Debug|Any CPU.Build.0 = Debug|Any CPU
		{28E1FF03-954F-4178-9CEE-8744228148E3}.Release|Any CPU.ActiveCfg = Release|Any CPU
		{28E1FF03-954F-4178-9CEE-8744228148E3}.Release|Any CPU.Build.0 = Release|Any CPU
	EndGlobalSection
	GlobalSection(SolutionProperties) = preSolution
		HideSolutionNode = FALSE
	EndGlobalSection
	GlobalSection(ExtensibilityGlobals) = postSolution
		SolutionGuid = {9320097F-7761-4C7B-9539-809F5DC55AE7}
	EndGlobalSection
EndGlobal
