
Microsoft Visual Studio Solution File, Format Version 12.00
# Visual Studio Version 17
VisualStudioVersion = 17.5.33627.172
MinimumVisualStudioVersion = 10.0.40219.1
Project("{FAE04EC0-301F-11D3-BF4B-00C04F79EFBC}") = "NFCtester", "NFCtester\NFCtester.csproj", "{5FD17DB1-6078-4083-9ED6-CD24A0184344}"
EndProject
Global
	GlobalSection(SolutionConfigurationPlatforms) = preSolution
		Debug|Any CPU = Debug|Any CPU
		Release|Any CPU = Release|Any CPU
	EndGlobalSection
	GlobalSection(ProjectConfigurationPlatforms) = postSolution
		{5FD17DB1-6078-4083-9ED6-CD24A0184344}.Debug|Any CPU.ActiveCfg = Debug|Any CPU
		{5FD17DB1-6078-4083-9ED6-CD24A0184344}.Debug|Any CPU.Build.0 = Debug|Any CPU
		{5FD17DB1-6078-4083-9ED6-CD24A0184344}.Release|Any CPU.ActiveCfg = Release|Any CPU
		{5FD17DB1-6078-4083-9ED6-CD24A0184344}.Release|Any CPU.Build.0 = Release|Any CPU
	EndGlobalSection
	GlobalSection(SolutionProperties) = preSolution
		HideSolutionNode = FALSE
	EndGlobalSection
	GlobalSection(ExtensibilityGlobals) = postSolution
		SolutionGuid = {8DE8164B-3118-4B9F-9011-E65A9651D446}
	EndGlobalSection
EndGlobal
