
Microsoft Visual Studio Solution File, Format Version 12.00
# Visual Studio Version 17
VisualStudioVersion = 17.5.33627.172
MinimumVisualStudioVersion = 10.0.40219.1
Project("{FAE04EC0-301F-11D3-BF4B-00C04F79EFBC}") = "FitnessClubForsaj", "FitnessClubForsaj\FitnessClubForsaj.csproj", "{F0386DDB-79A3-49AB-B1DD-2A24B5A82D64}"
EndProject
Global
	GlobalSection(SolutionConfigurationPlatforms) = preSolution
		Debug|Any CPU = Debug|Any CPU
		Release|Any CPU = Release|Any CPU
	EndGlobalSection
	GlobalSection(ProjectConfigurationPlatforms) = postSolution
		{F0386DDB-79A3-49AB-B1DD-2A24B5A82D64}.Debug|Any CPU.ActiveCfg = Debug|Any CPU
		{F0386DDB-79A3-49AB-B1DD-2A24B5A82D64}.Debug|Any CPU.Build.0 = Debug|Any CPU
		{F0386DDB-79A3-49AB-B1DD-2A24B5A82D64}.Release|Any CPU.ActiveCfg = Release|Any CPU
		{F0386DDB-79A3-49AB-B1DD-2A24B5A82D64}.Release|Any CPU.Build.0 = Release|Any CPU
	EndGlobalSection
	GlobalSection(SolutionProperties) = preSolution
		HideSolutionNode = FALSE
	EndGlobalSection
	GlobalSection(ExtensibilityGlobals) = postSolution
		SolutionGuid = {BBC80965-421B-4C6C-930F-81AE15D0A71E}
	EndGlobalSection
EndGlobal
