
Microsoft Visual Studio Solution File, Format Version 12.00
# Visual Studio Version 16
VisualStudioVersion = 16.0.31112.23
MinimumVisualStudioVersion = 10.0.40219.1
Project("{FAE04EC0-301F-11D3-BF4B-00C04F79EFBC}") = "Практика Полякова", "Практика Полякова\Практика Полякова.csproj", "{C69945E8-5B9F-4E72-A181-4E5F138F2363}"
EndProject
Global
	GlobalSection(SolutionConfigurationPlatforms) = preSolution
		Debug|Any CPU = Debug|Any CPU
		Release|Any CPU = Release|Any CPU
	EndGlobalSection
	GlobalSection(ProjectConfigurationPlatforms) = postSolution
		{C69945E8-5B9F-4E72-A181-4E5F138F2363}.Debug|Any CPU.ActiveCfg = Debug|Any CPU
		{C69945E8-5B9F-4E72-A181-4E5F138F2363}.Debug|Any CPU.Build.0 = Debug|Any CPU
		{C69945E8-5B9F-4E72-A181-4E5F138F2363}.Release|Any CPU.ActiveCfg = Release|Any CPU
		{C69945E8-5B9F-4E72-A181-4E5F138F2363}.Release|Any CPU.Build.0 = Release|Any CPU
	EndGlobalSection
	GlobalSection(SolutionProperties) = preSolution
		HideSolutionNode = FALSE
	EndGlobalSection
	GlobalSection(ExtensibilityGlobals) = postSolution
		SolutionGuid = {AF0278AD-0882-4A91-999E-54752E32E84D}
	EndGlobalSection
EndGlobal
